
Microsoft Visual Studio Solution File, Format Version 12.00
# Visual Studio Version 17
VisualStudioVersion = 17.5.33424.131
MinimumVisualStudioVersion = 10.0.40219.1
Project("{FAE04EC0-301F-11D3-BF4B-00C04F79EFBC}") = "FilmesApi", "FilmesApi\FilmesApi.csproj", "{28434715-3AC4-40DE-A8B4-44890FA162E4}"
EndProject
Global
	GlobalSection(SolutionConfigurationPlatforms) = preSolution
		Debug|Any CPU = Debug|Any CPU
		Release|Any CPU = Release|Any CPU
	EndGlobalSection
	GlobalSection(ProjectConfigurationPlatforms) = postSolution
		{28434715-3AC4-40DE-A8B4-44890FA162E4}.Debug|Any CPU.ActiveCfg = Debug|Any CPU
		{28434715-3AC4-40DE-A8B4-44890FA162E4}.Debug|Any CPU.Build.0 = Debug|Any CPU
		{28434715-3AC4-40DE-A8B4-44890FA162E4}.Release|Any CPU.ActiveCfg = Release|Any CPU
		{28434715-3AC4-40DE-A8B4-44890FA162E4}.Release|Any CPU.Build.0 = Release|Any CPU
	EndGlobalSection
	GlobalSection(SolutionProperties) = preSolution
		HideSolutionNode = FALSE
	EndGlobalSection
	GlobalSection(ExtensibilityGlobals) = postSolution
		SolutionGuid = {E52F595A-AC19-4E39-80D0-10C74ED26D94}
	EndGlobalSection
EndGlobal
